{
  "projects": [
    {
      "projectId": "e5Qh4q2qv2L5LQSJWtbyq5",
      "version": "latest",
      "dependencies": {},
      "lang": "ts",
      "fileLocks": [
        {
          "type": "globalVariant",
          "assetId": "vmTd79NuIiaV",
          "checksum": "11861e50c38367fe5cae29017abb14a4"
        },
        {
          "assetId": "e5Qh4q2qv2L5LQSJWtbyq5",
          "type": "projectCss",
          "checksum": "2a8dff130f45b16ec799860afcc4cd71"
        },
        {
          "type": "renderModule",
          "assetId": "m8wQIddb_605",
          "checksum": "6ed26c9a384a4fc06cfe84a279e78bf9"
        },
        {
          "type": "cssRules",
          "assetId": "m8wQIddb_605",
          "checksum": "6ed26c9a384a4fc06cfe84a279e78bf9"
        }
      ],
      "codegenVersion": "0.0.1"
    }
  ],
  "cliVersion": "0.1.340"
}
